// !$*UTF8*$!
{
	archiveVersion = 1;
	classes = {
	};
	objectVersion = 50;
	objects = {

/* Begin PBXBuildFile section */
		E2AE3C65245EB08A000B9621 /* VideoDetailsView.swift in Sources */ = {isa = PBXBuildFile; fileRef = E2AE3C5A245EB08A000B9621 /* VideoDetailsView.swift */; };
		E2AE3C66245EB08A000B9621 /* VideoPlayerControlsView.swift in Sources */ = {isa = PBXBuildFile; fileRef = E2AE3C5D245EB08A000B9621 /* VideoPlayerControlsView.swift */; };
		E2AE3C67245EB08A000B9621 /* VideoPlayerControl.swift in Sources */ = {isa = PBXBuildFile; fileRef = E2AE3C5E245EB08A000B9621 /* VideoPlayerControl.swift */; };
		E2AE3C68245EB08A000B9621 /* VideoPlayerControlType.swift in Sources */ = {isa = PBXBuildFile; fileRef = E2AE3C5F245EB08A000B9621 /* VideoPlayerControlType.swift */; };
		E2AE3C69245EB08A000B9621 /* VideoPlayerContainerView.swift in Sources */ = {isa = PBXBuildFile; fileRef = E2AE3C60245EB08A000B9621 /* VideoPlayerContainerView.swift */; };
		E2AE3C6A245EB08A000B9621 /* VideoPlayerView.swift in Sources */ = {isa = PBXBuildFile; fileRef = E2AE3C62245EB08A000B9621 /* VideoPlayerView.swift */; };
		E2AE3C6B245EB08A000B9621 /* VideoPlayerUIView.swift in Sources */ = {isa = PBXBuildFile; fileRef = E2AE3C63245EB08A000B9621 /* VideoPlayerUIView.swift */; };
		E2AE3C6C245EB08A000B9621 /* VideoView.swift in Sources */ = {isa = PBXBuildFile; fileRef = E2AE3C64245EB08A000B9621 /* VideoView.swift */; };
		E2B8BC5A245E14F40005F292 /* Assets.xcassets in Resources */ = {isa = PBXBuildFile; fileRef = E2B8BC51245E14F40005F292 /* Assets.xcassets */; };
		E2B8BC5B245E14F40005F292 /* Preview Assets.xcassets in Resources */ = {isa = PBXBuildFile; fileRef = E2B8BC53245E14F40005F292 /* Preview Assets.xcassets */; };
		E2B8BC5C245E14F40005F292 /* LaunchScreen.storyboard in Resources */ = {isa = PBXBuildFile; fileRef = E2B8BC54245E14F40005F292 /* LaunchScreen.storyboard */; };
		E2B8BC5D245E14F40005F292 /* AppDelegate.swift in Sources */ = {isa = PBXBuildFile; fileRef = E2B8BC56245E14F40005F292 /* AppDelegate.swift */; };
		E2B8BC5E245E14F40005F292 /* ContentView.swift in Sources */ = {isa = PBXBuildFile; fileRef = E2B8BC57245E14F40005F292 /* ContentView.swift */; };
		E2B8BC60245E14F40005F292 /* SceneDelegate.swift in Sources */ = {isa = PBXBuildFile; fileRef = E2B8BC59245E14F40005F292 /* SceneDelegate.swift */; };
		E2B8BC67245E188F0005F292 /* Video.swift in Sources */ = {isa = PBXBuildFile; fileRef = E2B8BC66245E188F0005F292 /* Video.swift */; };
		E2B8BC92245E1E190005F292 /* VideoViewModel.swift in Sources */ = {isa = PBXBuildFile; fileRef = E2B8BC91245E1E190005F292 /* VideoViewModel.swift */; };
/* End PBXBuildFile section */

/* Begin PBXFileReference section */
		E28A9E34245E14D4001F8279 /* SwiftUIVideo.app */ = {isa = PBXFileReference; explicitFileType = wrapper.application; includeInIndex = 0; path = SwiftUIVideo.app; sourceTree = BUILT_PRODUCTS_DIR; };
		E2AE3C5A245EB08A000B9621 /* VideoDetailsView.swift */ = {isa = PBXFileReference; fileEncoding = 4; lastKnownFileType = sourcecode.swift; path = VideoDetailsView.swift; sourceTree = "<group>"; };
		E2AE3C5D245EB08A000B9621 /* VideoPlayerControlsView.swift */ = {isa = PBXFileReference; fileEncoding = 4; lastKnownFileType = sourcecode.swift; path = VideoPlayerControlsView.swift; sourceTree = "<group>"; };
		E2AE3C5E245EB08A000B9621 /* VideoPlayerControl.swift */ = {isa = PBXFileReference; fileEncoding = 4; lastKnownFileType = sourcecode.swift; path = VideoPlayerControl.swift; sourceTree = "<group>"; };
		E2AE3C5F245EB08A000B9621 /* VideoPlayerControlType.swift */ = {isa = PBXFileReference; fileEncoding = 4; lastKnownFileType = sourcecode.swift; path = VideoPlayerControlType.swift; sourceTree = "<group>"; };
		E2AE3C60245EB08A000B9621 /* VideoPlayerContainerView.swift */ = {isa = PBXFileReference; fileEncoding = 4; lastKnownFileType = sourcecode.swift; path = VideoPlayerContainerView.swift; sourceTree = "<group>"; };
		E2AE3C62245EB08A000B9621 /* VideoPlayerView.swift */ = {isa = PBXFileReference; fileEncoding = 4; lastKnownFileType = sourcecode.swift; path = VideoPlayerView.swift; sourceTree = "<group>"; };
		E2AE3C63245EB08A000B9621 /* VideoPlayerUIView.swift */ = {isa = PBXFileReference; fileEncoding = 4; lastKnownFileType = sourcecode.swift; path = VideoPlayerUIView.swift; sourceTree = "<group>"; };
		E2AE3C64245EB08A000B9621 /* VideoView.swift */ = {isa = PBXFileReference; fileEncoding = 4; lastKnownFileType = sourcecode.swift; path = VideoView.swift; sourceTree = "<group>"; };
		E2B8BC51245E14F40005F292 /* Assets.xcassets */ = {isa = PBXFileReference; lastKnownFileType = folder.assetcatalog; path = Assets.xcassets; sourceTree = "<group>"; };
		E2B8BC53245E14F40005F292 /* Preview Assets.xcassets */ = {isa = PBXFileReference; lastKnownFileType = folder.assetcatalog; path = "Preview Assets.xcassets"; sourceTree = "<group>"; };
		E2B8BC55245E14F40005F292 /* Base */ = {isa = PBXFileReference; lastKnownFileType = file.storyboard; name = Base; path = Base.lproj/LaunchScreen.storyboard; sourceTree = "<group>"; };
		E2B8BC56245E14F40005F292 /* AppDelegate.swift */ = {isa = PBXFileReference; fileEncoding = 4; lastKnownFileType = sourcecode.swift; path = AppDelegate.swift; sourceTree = "<group>"; };
		E2B8BC57245E14F40005F292 /* ContentView.swift */ = {isa = PBXFileReference; fileEncoding = 4; lastKnownFileType = sourcecode.swift; path = ContentView.swift; sourceTree = "<group>"; };
		E2B8BC58245E14F40005F292 /* Info.plist */ = {isa = PBXFileReference; fileEncoding = 4; lastKnownFileType = text.plist.xml; path = Info.plist; sourceTree = "<group>"; };
		E2B8BC59245E14F40005F292 /* SceneDelegate.swift */ = {isa = PBXFileReference; fileEncoding = 4; lastKnownFileType = sourcecode.swift; path = SceneDelegate.swift; sourceTree = "<group>"; };
		E2B8BC66245E188F0005F292 /* Video.swift */ = {isa = PBXFileReference; lastKnownFileType = sourcecode.swift; path = Video.swift; sourceTree = "<group>"; };
		E2B8BC91245E1E190005F292 /* VideoViewModel.swift */ = {isa = PBXFileReference; lastKnownFileType = sourcecode.swift; path = VideoViewModel.swift; sourceTree = "<group>"; };
/* End PBXFileReference section */

/* Begin PBXFrameworksBuildPhase section */
		E28A9E31245E14D4001F8279 /* Frameworks */ = {
			isa = PBXFrameworksBuildPhase;
			buildActionMask = 2147483647;
			files = (
			);
			runOnlyForDeploymentPostprocessing = 0;
		};
/* End PBXFrameworksBuildPhase section */

/* Begin PBXGroup section */
		E28A9E2B245E14D4001F8279 = {
			isa = PBXGroup;
			children = (
				E2B8BC50245E14F40005F292 /* SwiftUIVideo */,
				E28A9E35245E14D4001F8279 /* Products */,
			);
			sourceTree = "<group>";
		};
		E28A9E35245E14D4001F8279 /* Products */ = {
			isa = PBXGroup;
			children = (
				E28A9E34245E14D4001F8279 /* SwiftUIVideo.app */,
			);
			name = Products;
			sourceTree = "<group>";
		};
		E2AE3C59245EB08A000B9621 /* Views */ = {
			isa = PBXGroup;
			children = (
				E2AE3C64245EB08A000B9621 /* VideoView.swift */,
				E2AE3C5B245EB08A000B9621 /* Video Player */,
				E2AE3C5A245EB08A000B9621 /* VideoDetailsView.swift */,
			);
			path = Views;
			sourceTree = "<group>";
		};
		E2AE3C5B245EB08A000B9621 /* Video Player */ = {
			isa = PBXGroup;
			children = (
				E2AE3C60245EB08A000B9621 /* VideoPlayerContainerView.swift */,
				E2AE3C61245EB08A000B9621 /* Video Player View */,
				E2AE3C5C245EB08A000B9621 /* Video Player Controls */,
			);
			path = "Video Player";
			sourceTree = "<group>";
		};
		E2AE3C5C245EB08A000B9621 /* Video Player Controls */ = {
			isa = PBXGroup;
			children = (
				E2AE3C5D245EB08A000B9621 /* VideoPlayerControlsView.swift */,
				E2AE3C5E245EB08A000B9621 /* VideoPlayerControl.swift */,
				E2AE3C5F245EB08A000B9621 /* VideoPlayerControlType.swift */,
			);
			path = "Video Player Controls";
			sourceTree = "<group>";
		};
		E2AE3C61245EB08A000B9621 /* Video Player View */ = {
			isa = PBXGroup;
			children = (
				E2AE3C62245EB08A000B9621 /* VideoPlayerView.swift */,
				E2AE3C63245EB08A000B9621 /* VideoPlayerUIView.swift */,
			);
			path = "Video Player View";
			sourceTree = "<group>";
		};
		E2B8BC50245E14F40005F292 /* SwiftUIVideo */ = {
			isa = PBXGroup;
			children = (
				E2B8BC56245E14F40005F292 /* AppDelegate.swift */,
				E2B8BC59245E14F40005F292 /* SceneDelegate.swift */,
				E2B8BC57245E14F40005F292 /* ContentView.swift */,
				E2B8BC65245E16BC0005F292 /* Models */,
				E2AE3C59245EB08A000B9621 /* Views */,
				E2B8BC64245E16B40005F292 /* View Models */,
				E2B8BC54245E14F40005F292 /* LaunchScreen.storyboard */,
				E2B8BC51245E14F40005F292 /* Assets.xcassets */,
				E2B8BC52245E14F40005F292 /* Preview Content */,
				E2B8BC58245E14F40005F292 /* Info.plist */,
			);
			name = SwiftUIVideo;
			path = Sources/SwiftUIVideo;
			sourceTree = "<group>";
		};
		E2B8BC52245E14F40005F292 /* Preview Content */ = {
			isa = PBXGroup;
			children = (
				E2B8BC53245E14F40005F292 /* Preview Assets.xcassets */,
			);
			path = "Preview Content";
			sourceTree = "<group>";
		};
		E2B8BC64245E16B40005F292 /* View Models */ = {
			isa = PBXGroup;
			children = (
				E2B8BC91245E1E190005F292 /* VideoViewModel.swift */,
			);
			path = "View Models";
			sourceTree = "<group>";
		};
		E2B8BC65245E16BC0005F292 /* Models */ = {
			isa = PBXGroup;
			children = (
				E2B8BC66245E188F0005F292 /* Video.swift */,
			);
			path = Models;
			sourceTree = "<group>";
		};
/* End PBXGroup section */

/* Begin PBXNativeTarget section */
		E28A9E33245E14D4001F8279 /* SwiftUIVideo */ = {
			isa = PBXNativeTarget;
			buildConfigurationList = E28A9E48245E14D4001F8279 /* Build configuration list for PBXNativeTarget "SwiftUIVideo" */;
			buildPhases = (
				E28A9E30245E14D4001F8279 /* Sources */,
				E28A9E31245E14D4001F8279 /* Frameworks */,
				E28A9E32245E14D4001F8279 /* Resources */,
			);
			buildRules = (
			);
			dependencies = (
			);
			name = SwiftUIVideo;
			packageProductDependencies = (
			);
			productName = SwiftUIVideo;
			productReference = E28A9E34245E14D4001F8279 /* SwiftUIVideo.app */;
			productType = "com.apple.product-type.application";
		};
/* End PBXNativeTarget section */

/* Begin PBXProject section */
		E28A9E2C245E14D4001F8279 /* Project object */ = {
			isa = PBXProject;
			attributes = {
				LastSwiftUpdateCheck = 1140;
				LastUpgradeCheck = 1140;
				ORGANIZATIONNAME = "Gray Campbell";
				TargetAttributes = {
					E28A9E33245E14D4001F8279 = {
						CreatedOnToolsVersion = 11.4.1;
					};
				};
			};
			buildConfigurationList = E28A9E2F245E14D4001F8279 /* Build configuration list for PBXProject "SwiftUIVideo" */;
			compatibilityVersion = "Xcode 9.3";
			developmentRegion = en;
			hasScannedForEncodings = 0;
			knownRegions = (
				en,
				Base,
			);
			mainGroup = E28A9E2B245E14D4001F8279;
			packageReferences = (
			);
			productRefGroup = E28A9E35245E14D4001F8279 /* Products */;
			projectDirPath = "";
			projectRoot = "";
			targets = (
				E28A9E33245E14D4001F8279 /* SwiftUIVideo */,
			);
		};
/* End PBXProject section */

/* Begin PBXResourcesBuildPhase section */
		E28A9E32245E14D4001F8279 /* Resources */ = {
			isa = PBXResourcesBuildPhase;
			buildActionMask = 2147483647;
			files = (
				E2B8BC5C245E14F40005F292 /* LaunchScreen.storyboard in Resources */,
				E2B8BC5B245E14F40005F292 /* Preview Assets.xcassets in Resources */,
				E2B8BC5A245E14F40005F292 /* Assets.xcassets in Resources */,
			);
			runOnlyForDeploymentPostprocessing = 0;
		};
/* End PBXResourcesBuildPhase section */

/* Begin PBXSourcesBuildPhase section */
		E28A9E30245E14D4001F8279 /* Sources */ = {
			isa = PBXSourcesBuildPhase;
			buildActionMask = 2147483647;
			files = (
				E2AE3C67245EB08A000B9621 /* VideoPlayerControl.swift in Sources */,
				E2AE3C69245EB08A000B9621 /* VideoPlayerContainerView.swift in Sources */,
				E2B8BC5E245E14F40005F292 /* ContentView.swift in Sources */,
				E2AE3C6B245EB08A000B9621 /* VideoPlayerUIView.swift in Sources */,
				E2AE3C6A245EB08A000B9621 /* VideoPlayerView.swift in Sources */,
				E2AE3C66245EB08A000B9621 /* VideoPlayerControlsView.swift in Sources */,
				E2B8BC67245E188F0005F292 /* Video.swift in Sources */,
				E2AE3C68245EB08A000B9621 /* VideoPlayerControlType.swift in Sources */,
				E2B8BC5D245E14F40005F292 /* AppDelegate.swift in Sources */,
				E2AE3C65245EB08A000B9621 /* VideoDetailsView.swift in Sources */,
				E2B8BC92245E1E190005F292 /* VideoViewModel.swift in Sources */,
				E2B8BC60245E14F40005F292 /* SceneDelegate.swift in Sources */,
				E2AE3C6C245EB08A000B9621 /* VideoView.swift in Sources */,
			);
			runOnlyForDeploymentPostprocessing = 0;
		};
/* End PBXSourcesBuildPhase section */

/* Begin PBXVariantGroup section */
		E2B8BC54245E14F40005F292 /* LaunchScreen.storyboard */ = {
			isa = PBXVariantGroup;
			children = (
				E2B8BC55245E14F40005F292 /* Base */,
			);
			name = LaunchScreen.storyboard;
			sourceTree = "<group>";
		};
/* End PBXVariantGroup section */

/* Begin XCBuildConfiguration section */
		E28A9E46245E14D4001F8279 /* Debug */ = {
			isa = XCBuildConfiguration;
			buildSettings = {
				ALWAYS_SEARCH_USER_PATHS = NO;
				CLANG_ANALYZER_NONNULL = YES;
				CLANG_ANALYZER_NUMBER_OBJECT_CONVERSION = YES_AGGRESSIVE;
				CLANG_CXX_LANGUAGE_STANDARD = "gnu++14";
				CLANG_CXX_LIBRARY = "libc++";
				CLANG_ENABLE_MODULES = YES;
				CLANG_ENABLE_OBJC_ARC = YES;
				CLANG_ENABLE_OBJC_WEAK = YES;
				CLANG_WARN_BLOCK_CAPTURE_AUTORELEASING = YES;
				CLANG_WARN_BOOL_CONVERSION = YES;
				CLANG_WARN_COMMA = YES;
				CLANG_WARN_CONSTANT_CONVERSION = YES;
				CLANG_WARN_DEPRECATED_OBJC_IMPLEMENTATIONS = YES;
				CLANG_WARN_DIRECT_OBJC_ISA_USAGE = YES_ERROR;
				CLANG_WARN_DOCUMENTATION_COMMENTS = YES;
				CLANG_WARN_EMPTY_BODY = YES;
				CLANG_WARN_ENUM_CONVERSION = YES;
				CLANG_WARN_INFINITE_RECURSION = YES;
				CLANG_WARN_INT_CONVERSION = YES;
				CLANG_WARN_NON_LITERAL_NULL_CONVERSION = YES;
				CLANG_WARN_OBJC_IMPLICIT_RETAIN_SELF = YES;
				CLANG_WARN_OBJC_LITERAL_CONVERSION = YES;
				CLANG_WARN_OBJC_ROOT_CLASS = YES_ERROR;
				CLANG_WARN_RANGE_LOOP_ANALYSIS = YES;
				CLANG_WARN_STRICT_PROTOTYPES = YES;
				CLANG_WARN_SUSPICIOUS_MOVE = YES;
				CLANG_WARN_UNGUARDED_AVAILABILITY = YES_AGGRESSIVE;
				CLANG_WARN_UNREACHABLE_CODE = YES;
				CLANG_WARN__DUPLICATE_METHOD_MATCH = YES;
				COPY_PHASE_STRIP = NO;
				DEBUG_INFORMATION_FORMAT = dwarf;
				ENABLE_STRICT_OBJC_MSGSEND = YES;
				ENABLE_TESTABILITY = YES;
				GCC_C_LANGUAGE_STANDARD = gnu11;
				GCC_DYNAMIC_NO_PIC = NO;
				GCC_NO_COMMON_BLOCKS = YES;
				GCC_OPTIMIZATION_LEVEL = 0;
				GCC_PREPROCESSOR_DEFINITIONS = (
					"DEBUG=1",
					"$(inherited)",
				);
				GCC_WARN_64_TO_32_BIT_CONVERSION = YES;
				GCC_WARN_ABOUT_RETURN_TYPE = YES_ERROR;
				GCC_WARN_UNDECLARED_SELECTOR = YES;
				GCC_WARN_UNINITIALIZED_AUTOS = YES_AGGRESSIVE;
				GCC_WARN_UNUSED_FUNCTION = YES;
				GCC_WARN_UNUSED_VARIABLE = YES;
				IPHONEOS_DEPLOYMENT_TARGET = 13.4;
				MTL_ENABLE_DEBUG_INFO = INCLUDE_SOURCE;
				MTL_FAST_MATH = YES;
				ONLY_ACTIVE_ARCH = YES;
				SDKROOT = iphoneos;
				SWIFT_ACTIVE_COMPILATION_CONDITIONS = DEBUG;
				SWIFT_OPTIMIZATION_LEVEL = "-Onone";
			};
			name = Debug;
		};
		E28A9E47245E14D4001F8279 /* Release */ = {
			isa = XCBuildConfiguration;
			buildSettings = {
				ALWAYS_SEARCH_USER_PATHS = NO;
				CLANG_ANALYZER_NONNULL = YES;
				CLANG_ANALYZER_NUMBER_OBJECT_CONVERSION = YES_AGGRESSIVE;
				CLANG_CXX_LANGUAGE_STANDARD = "gnu++14";
				CLANG_CXX_LIBRARY = "libc++";
				CLANG_ENABLE_MODULES = YES;
				CLANG_ENABLE_OBJC_ARC = YES;
				CLANG_ENABLE_OBJC_WEAK = YES;
				CLANG_WARN_BLOCK_CAPTURE_AUTORELEASING = YES;
				CLANG_WARN_BOOL_CONVERSION = YES;
				CLANG_WARN_COMMA = YES;
				CLANG_WARN_CONSTANT_CONVERSION = YES;
				CLANG_WARN_DEPRECATED_OBJC_IMPLEMENTATIONS = YES;
				CLANG_WARN_DIRECT_OBJC_ISA_USAGE = YES_ERROR;
				CLANG_WARN_DOCUMENTATION_COMMENTS = YES;
				CLANG_WARN_EMPTY_BODY = YES;
				CLANG_WARN_ENUM_CONVERSION = YES;
				CLANG_WARN_INFINITE_RECURSION = YES;
				CLANG_WARN_INT_CONVERSION = YES;
				CLANG_WARN_NON_LITERAL_NULL_CONVERSION = YES;
				CLANG_WARN_OBJC_IMPLICIT_RETAIN_SELF = YES;
				CLANG_WARN_OBJC_LITERAL_CONVERSION = YES;
				CLANG_WARN_OBJC_ROOT_CLASS = YES_ERROR;
				CLANG_WARN_RANGE_LOOP_ANALYSIS = YES;
				CLANG_WARN_STRICT_PROTOTYPES = YES;
				CLANG_WARN_SUSPICIOUS_MOVE = YES;
				CLANG_WARN_UNGUARDED_AVAILABILITY = YES_AGGRESSIVE;
				CLANG_WARN_UNREACHABLE_CODE = YES;
				CLANG_WARN__DUPLICATE_METHOD_MATCH = YES;
				COPY_PHASE_STRIP = NO;
				DEBUG_INFORMATION_FORMAT = "dwarf-with-dsym";
				ENABLE_NS_ASSERTIONS = NO;
				ENABLE_STRICT_OBJC_MSGSEND = YES;
				GCC_C_LANGUAGE_STANDARD = gnu11;
				GCC_NO_COMMON_BLOCKS = YES;
				GCC_WARN_64_TO_32_BIT_CONVERSION = YES;
				GCC_WARN_ABOUT_RETURN_TYPE = YES_ERROR;
				GCC_WARN_UNDECLARED_SELECTOR = YES;
				GCC_WARN_UNINITIALIZED_AUTOS = YES_AGGRESSIVE;
				GCC_WARN_UNUSED_FUNCTION = YES;
				GCC_WARN_UNUSED_VARIABLE = YES;
				IPHONEOS_DEPLOYMENT_TARGET = 13.4;
				MTL_ENABLE_DEBUG_INFO = NO;
				MTL_FAST_MATH = YES;
				SDKROOT = iphoneos;
				SWIFT_COMPILATION_MODE = wholemodule;
				SWIFT_OPTIMIZATION_LEVEL = "-O";
				VALIDATE_PRODUCT = YES;
			};
			name = Release;
		};
		E28A9E49245E14D4001F8279 /* Debug */ = {
			isa = XCBuildConfiguration;
			buildSettings = {
				ASSETCATALOG_COMPILER_APPICON_NAME = AppIcon;
				CODE_SIGN_STYLE = Automatic;
				DEVELOPMENT_ASSET_PATHS = "\"$(SRCROOT)/Sources/SwiftUIVideo/Preview Content\"";
				DEVELOPMENT_TEAM = 7GDS9622D9;
				ENABLE_PREVIEWS = YES;
				INFOPLIST_FILE = "$(SRCROOT)/Sources/SwiftUIVideo/Info.plist";
				LD_RUNPATH_SEARCH_PATHS = (
					"$(inherited)",
					"@executable_path/Frameworks",
				);
				PRODUCT_BUNDLE_IDENTIFIER = com.graycampbell.SwiftUIVideo;
				PRODUCT_NAME = "$(TARGET_NAME)";
				SWIFT_VERSION = 5.0;
				TARGETED_DEVICE_FAMILY = "1,2";
			};
			name = Debug;
		};
		E28A9E4A245E14D4001F8279 /* Release */ = {
			isa = XCBuildConfiguration;
			buildSettings = {
				ASSETCATALOG_COMPILER_APPICON_NAME = AppIcon;
				CODE_SIGN_STYLE = Automatic;
				DEVELOPMENT_ASSET_PATHS = "\"$(SRCROOT)/Sources/SwiftUIVideo/Preview Content\"";
				DEVELOPMENT_TEAM = 7GDS9622D9;
				ENABLE_PREVIEWS = YES;
				INFOPLIST_FILE = "$(SRCROOT)/Sources/SwiftUIVideo/Info.plist";
				LD_RUNPATH_SEARCH_PATHS = (
					"$(inherited)",
					"@executable_path/Frameworks",
				);
				PRODUCT_BUNDLE_IDENTIFIER = com.graycampbell.SwiftUIVideo;
				PRODUCT_NAME = "$(TARGET_NAME)";
				SWIFT_VERSION = 5.0;
				TARGETED_DEVICE_FAMILY = "1,2";
			};
			name = Release;
		};
/* End XCBuildConfiguration section */

/* Begin XCConfigurationList section */
		E28A9E2F245E14D4001F8279 /* Build configuration list for PBXProject "SwiftUIVideo" */ = {
			isa = XCConfigurationList;
			buildConfigurations = (
				E28A9E46245E14D4001F8279 /* Debug */,
				E28A9E47245E14D4001F8279 /* Release */,
			);
			defaultConfigurationIsVisible = 0;
			defaultConfigurationName = Release;
		};
		E28A9E48245E14D4001F8279 /* Build configuration list for PBXNativeTarget "SwiftUIVideo" */ = {
			isa = XCConfigurationList;
			buildConfigurations = (
				E28A9E49245E14D4001F8279 /* Debug */,
				E28A9E4A245E14D4001F8279 /* Release */,
			);
			defaultConfigurationIsVisible = 0;
			defaultConfigurationName = Release;
		};
/* End XCConfigurationList section */
	};
	rootObject = E28A9E2C245E14D4001F8279 /* Project object */;
}
